<?xml version="1.0" encoding="utf-8"?>
<Project ToolsVersion="4.0" xmlns="http://schemas.microsoft.com/developer/msbuild/2003">
  <ItemGroup>
    <Filter Include="Source Files">
      <UniqueIdentifier>{4FC737F1-C7A5-4376-A066-2A32D752A2FF}</UniqueIdentifier>
      <Extensions>cpp;c;cc;cxx;c++;cppm;ixx;def;odl;idl;hpj;bat;asm;asmx</Extensions>
    </Filter>
    <Filter Include="Header Files">
      <UniqueIdentifier>{93995380-89BD-4b04-88EB-625FBE52EBFB}</UniqueIdentifier>
      <Extensions>h;hh;hpp;hxx;h++;hm;inl;inc;ipp;xsd</Extensions>
    </Filter>
    <Filter Include="Resource Files">
      <UniqueIdentifier>{67DA6AB6-F800-4c08-8B7A-83BB121AAD01}</UniqueIdentifier>
      <Extensions>rc;ico;cur;bmp;dlg;rc2;rct;bin;rgs;gif;jpg;jpeg;jpe;resx;tiff;tif;png;wav;mfcribbon-ms</Extensions>
    </Filter>
    <Filter Include="Source Files\Cyphers">
      <UniqueIdentifier>{1b01b0b4-79eb-422d-bf53-c0714848e81a}</UniqueIdentifier>
    </Filter>
    <Filter Include="Inputs">
      <UniqueIdentifier>{524dfad8-5c1f-4eb2-b0d3-4ddec4c044d6}</UniqueIdentifier>
    </Filter>
  </ItemGroup>
  <ItemGroup>
    <ClInclude Include="Source\GematriaHTMLBuilder.H++">
      <Filter>Header Files</Filter>
    </ClInclude>
    <ClInclude Include="Source\Gematria.H++">
      <Filter>Header Files</Filter>
    </ClInclude>
  </ItemGroup>
  <ItemGroup>
    <ClCompile Include="Source\Main.C++">
      <Filter>Source Files</Filter>
    </ClCompile>
    <ClCompile Include="Source\Gematria.C++">
      <Filter>Source Files</Filter>
    </ClCompile>
    <ClCompile Include="Source\GematriaHTMLBuilder.C++">
      <Filter>Source Files</Filter>
    </ClCompile>
  </ItemGroup>
  <ItemGroup>
    <Text Include="TODO.txt" />
    <Text Include="GematriaMain.txt" />
    <Text Include="Inputs\AlchemyElements.txt">
      <Filter>Inputs</Filter>
    </Text>
    <Text Include="Inputs\Continents.txt">
      <Filter>Inputs</Filter>
    </Text>
    <Text Include="Inputs\Decoding USA.txt">
      <Filter>Inputs</Filter>
    </Text>
    <Text Include="Inputs\GematriaMain.txt">
      <Filter>Inputs</Filter>
    </Text>
    <Text Include="Inputs\HelloTestOld.txt">
      <Filter>Inputs</Filter>
    </Text>
    <Text Include="Inputs\HelloTestOldOld.txt">
      <Filter>Inputs</Filter>
    </Text>
    <Text Include="Inputs\Jamie.txt">
      <Filter>Inputs</Filter>
    </Text>
    <Text Include="Inputs\Kabbalah.txt">
      <Filter>Inputs</Filter>
    </Text>
    <Text Include="Inputs\LiberAL-List.txt">
      <Filter>Inputs</Filter>
    </Text>
    <Text Include="Inputs\Lilith.txt">
      <Filter>Inputs</Filter>
    </Text>
    <Text Include="Inputs\My Language.txt">
      <Filter>Inputs</Filter>
    </Text>
    <Text Include="Inputs\Mzowh.txt">
      <Filter>Inputs</Filter>
    </Text>
    <Text Include="Inputs\Numbers.txt">
      <Filter>Inputs</Filter>
    </Text>
    <Text Include="Inputs\Planets.txt">
      <Filter>Inputs</Filter>
    </Text>
    <Text Include="Inputs\Shapes.txt">
      <Filter>Inputs</Filter>
    </Text>
    <Text Include="Inputs\Thelema.txt">
      <Filter>Inputs</Filter>
    </Text>
    <Text Include="Inputs\Yahweh.txt">
      <Filter>Inputs</Filter>
    </Text>
    <Text Include="Inputs\Zodiac.txt">
      <Filter>Inputs</Filter>
    </Text>
  </ItemGroup>
</Project>